
Microsoft Visual Studio Solution File, Format Version 12.00
# Visual Studio 15
VisualStudioVersion = 15.0.27130.2036
MinimumVisualStudioVersion = 10.0.40219.1
Project("{FAE04EC0-301F-11D3-BF4B-00C04F79EFBC}") = "ChatClient", "ChatClient\ChatClient.csproj", "{FE624681-F854-42CD-98B6-5778A14604DE}"
EndProject
Project("{FAE04EC0-301F-11D3-BF4B-00C04F79EFBC}") = "SharedServices.UnitTests", "SharedServices.UnitTests\SharedServices.UnitTests.csproj", "{2E037279-5792-4415-8AFD-606743D7E1F6}"
EndProject
Project("{FAE04EC0-301F-11D3-BF4B-00C04F79EFBC}") = "SharedServices", "SharedServices\SharedServices.csproj", "{2E4EFF03-D66A-41F1-BCCA-326CACF5C517}"
EndProject
Global
	GlobalSection(SolutionConfigurationPlatforms) = preSolution
		Debug|Any CPU = Debug|Any CPU
		Release|Any CPU = Release|Any CPU
	EndGlobalSection
	GlobalSection(ProjectConfigurationPlatforms) = postSolution
		{FE624681-F854-42CD-98B6-5778A14604DE}.Debug|Any CPU.ActiveCfg = Debug|Any CPU
		{FE624681-F854-42CD-98B6-5778A14604DE}.Debug|Any CPU.Build.0 = Debug|Any CPU
		{FE624681-F854-42CD-98B6-5778A14604DE}.Release|Any CPU.ActiveCfg = Release|Any CPU
		{FE624681-F854-42CD-98B6-5778A14604DE}.Release|Any CPU.Build.0 = Release|Any CPU
		{2E037279-5792-4415-8AFD-606743D7E1F6}.Debug|Any CPU.ActiveCfg = Debug|Any CPU
		{2E037279-5792-4415-8AFD-606743D7E1F6}.Debug|Any CPU.Build.0 = Debug|Any CPU
		{2E037279-5792-4415-8AFD-606743D7E1F6}.Release|Any CPU.ActiveCfg = Release|Any CPU
		{2E037279-5792-4415-8AFD-606743D7E1F6}.Release|Any CPU.Build.0 = Release|Any CPU
		{2E4EFF03-D66A-41F1-BCCA-326CACF5C517}.Debug|Any CPU.ActiveCfg = Debug|Any CPU
		{2E4EFF03-D66A-41F1-BCCA-326CACF5C517}.Debug|Any CPU.Build.0 = Debug|Any CPU
		{2E4EFF03-D66A-41F1-BCCA-326CACF5C517}.Release|Any CPU.ActiveCfg = Release|Any CPU
		{2E4EFF03-D66A-41F1-BCCA-326CACF5C517}.Release|Any CPU.Build.0 = Release|Any CPU
	EndGlobalSection
	GlobalSection(SolutionProperties) = preSolution
		HideSolutionNode = FALSE
	EndGlobalSection
	GlobalSection(ExtensibilityGlobals) = postSolution
		SolutionGuid = {4168B6DB-932E-4CC5-984D-15F5921C01BF}
	EndGlobalSection
EndGlobal
