
Microsoft Visual Studio Solution File, Format Version 12.00
# Visual Studio 15
VisualStudioVersion = 15.0.27130.2036
MinimumVisualStudioVersion = 10.0.40219.1
Project("{FAE04EC0-301F-11D3-BF4B-00C04F79EFBC}") = "SharedServices.UnitTests", "SharedServices.UnitTests\SharedServices.UnitTests.csproj", "{2E037279-5792-4415-8AFD-606743D7E1F6}"
EndProject
Project("{FAE04EC0-301F-11D3-BF4B-00C04F79EFBC}") = "SharedServices", "SharedServices\SharedServices.csproj", "{2E4EFF03-D66A-41F1-BCCA-326CACF5C517}"
EndProject
Project("{9A19103F-16F7-4668-BE54-9A1E7A4F7556}") = "RestFulFlowService", "RestFulFlowService\RestFulFlowService.csproj", "{12983A31-922D-43D5-8FD2-867EEEBA133D}"
EndProject
Project("{9A19103F-16F7-4668-BE54-9A1E7A4F7556}") = "DataPersistence", "DataPersistence\DataPersistence.csproj", "{DCC807BD-BFDF-468E-9A58-A37AA6E4A3B2}"
EndProject
Project("{9A19103F-16F7-4668-BE54-9A1E7A4F7556}") = "SharedInterfaces", "SharedInterfaces\SharedInterfaces.csproj", "{76AE1C26-7E66-4D12-B2B5-2DE41687050C}"
EndProject
Project("{9A19103F-16F7-4668-BE54-9A1E7A4F7556}") = "SharedUtilities", "SharedUtilites\SharedUtilities.csproj", "{9DB86A39-AAA2-4385-BB85-6FD2496E9F55}"
EndProject
Project("{FAE04EC0-301F-11D3-BF4B-00C04F79EFBC}") = "SharedUtilities.UnitTests", "SharedUtilities.UnitTests\SharedUtilities.UnitTests.csproj", "{305CF0FC-1F6D-4BDF-B86A-148592D7CE03}"
EndProject
Project("{FAE04EC0-301F-11D3-BF4B-00C04F79EFBC}") = "DataPersistence.UnitTests", "DataPersistence.UnitTests\DataPersistence.UnitTests.csproj", "{5E5F3E6E-5B0B-45C1-AF96-7BC6DE4C39FE}"
EndProject
Project("{9A19103F-16F7-4668-BE54-9A1E7A4F7556}") = "ChatMessageInterfaces", "ChatMessageInterfaces\ChatMessageInterfaces.csproj", "{A68F883A-D0F6-48F3-978F-2D9D3823D388}"
EndProject
Project("{9A19103F-16F7-4668-BE54-9A1E7A4F7556}") = "RestFulFlowService.UnitTests", "RestFulFlowService.UnitTests\RestFulFlowService.UnitTests.csproj", "{C6268A0B-1EE9-415F-9411-FA7F6B110C56}"
EndProject
Global
	GlobalSection(SolutionConfigurationPlatforms) = preSolution
		Debug|Any CPU = Debug|Any CPU
		Release|Any CPU = Release|Any CPU
	EndGlobalSection
	GlobalSection(ProjectConfigurationPlatforms) = postSolution
		{2E037279-5792-4415-8AFD-606743D7E1F6}.Debug|Any CPU.ActiveCfg = Debug|Any CPU
		{2E037279-5792-4415-8AFD-606743D7E1F6}.Debug|Any CPU.Build.0 = Debug|Any CPU
		{2E037279-5792-4415-8AFD-606743D7E1F6}.Release|Any CPU.ActiveCfg = Release|Any CPU
		{2E037279-5792-4415-8AFD-606743D7E1F6}.Release|Any CPU.Build.0 = Release|Any CPU
		{2E4EFF03-D66A-41F1-BCCA-326CACF5C517}.Debug|Any CPU.ActiveCfg = Debug|Any CPU
		{2E4EFF03-D66A-41F1-BCCA-326CACF5C517}.Debug|Any CPU.Build.0 = Debug|Any CPU
		{2E4EFF03-D66A-41F1-BCCA-326CACF5C517}.Release|Any CPU.ActiveCfg = Release|Any CPU
		{2E4EFF03-D66A-41F1-BCCA-326CACF5C517}.Release|Any CPU.Build.0 = Release|Any CPU
		{12983A31-922D-43D5-8FD2-867EEEBA133D}.Debug|Any CPU.ActiveCfg = Debug|Any CPU
		{12983A31-922D-43D5-8FD2-867EEEBA133D}.Debug|Any CPU.Build.0 = Debug|Any CPU
		{12983A31-922D-43D5-8FD2-867EEEBA133D}.Release|Any CPU.ActiveCfg = Release|Any CPU
		{12983A31-922D-43D5-8FD2-867EEEBA133D}.Release|Any CPU.Build.0 = Release|Any CPU
		{DCC807BD-BFDF-468E-9A58-A37AA6E4A3B2}.Debug|Any CPU.ActiveCfg = Debug|Any CPU
		{DCC807BD-BFDF-468E-9A58-A37AA6E4A3B2}.Debug|Any CPU.Build.0 = Debug|Any CPU
		{DCC807BD-BFDF-468E-9A58-A37AA6E4A3B2}.Release|Any CPU.ActiveCfg = Release|Any CPU
		{DCC807BD-BFDF-468E-9A58-A37AA6E4A3B2}.Release|Any CPU.Build.0 = Release|Any CPU
		{76AE1C26-7E66-4D12-B2B5-2DE41687050C}.Debug|Any CPU.ActiveCfg = Debug|Any CPU
		{76AE1C26-7E66-4D12-B2B5-2DE41687050C}.Debug|Any CPU.Build.0 = Debug|Any CPU
		{76AE1C26-7E66-4D12-B2B5-2DE41687050C}.Release|Any CPU.ActiveCfg = Release|Any CPU
		{76AE1C26-7E66-4D12-B2B5-2DE41687050C}.Release|Any CPU.Build.0 = Release|Any CPU
		{9DB86A39-AAA2-4385-BB85-6FD2496E9F55}.Debug|Any CPU.ActiveCfg = Debug|Any CPU
		{9DB86A39-AAA2-4385-BB85-6FD2496E9F55}.Debug|Any CPU.Build.0 = Debug|Any CPU
		{9DB86A39-AAA2-4385-BB85-6FD2496E9F55}.Release|Any CPU.ActiveCfg = Release|Any CPU
		{9DB86A39-AAA2-4385-BB85-6FD2496E9F55}.Release|Any CPU.Build.0 = Release|Any CPU
		{305CF0FC-1F6D-4BDF-B86A-148592D7CE03}.Debug|Any CPU.ActiveCfg = Debug|Any CPU
		{305CF0FC-1F6D-4BDF-B86A-148592D7CE03}.Debug|Any CPU.Build.0 = Debug|Any CPU
		{305CF0FC-1F6D-4BDF-B86A-148592D7CE03}.Release|Any CPU.ActiveCfg = Release|Any CPU
		{305CF0FC-1F6D-4BDF-B86A-148592D7CE03}.Release|Any CPU.Build.0 = Release|Any CPU
		{5E5F3E6E-5B0B-45C1-AF96-7BC6DE4C39FE}.Debug|Any CPU.ActiveCfg = Debug|Any CPU
		{5E5F3E6E-5B0B-45C1-AF96-7BC6DE4C39FE}.Debug|Any CPU.Build.0 = Debug|Any CPU
		{5E5F3E6E-5B0B-45C1-AF96-7BC6DE4C39FE}.Release|Any CPU.ActiveCfg = Release|Any CPU
		{5E5F3E6E-5B0B-45C1-AF96-7BC6DE4C39FE}.Release|Any CPU.Build.0 = Release|Any CPU
		{A68F883A-D0F6-48F3-978F-2D9D3823D388}.Debug|Any CPU.ActiveCfg = Debug|Any CPU
		{A68F883A-D0F6-48F3-978F-2D9D3823D388}.Debug|Any CPU.Build.0 = Debug|Any CPU
		{A68F883A-D0F6-48F3-978F-2D9D3823D388}.Release|Any CPU.ActiveCfg = Release|Any CPU
		{A68F883A-D0F6-48F3-978F-2D9D3823D388}.Release|Any CPU.Build.0 = Release|Any CPU
		{C6268A0B-1EE9-415F-9411-FA7F6B110C56}.Debug|Any CPU.ActiveCfg = Debug|Any CPU
		{C6268A0B-1EE9-415F-9411-FA7F6B110C56}.Debug|Any CPU.Build.0 = Debug|Any CPU
		{C6268A0B-1EE9-415F-9411-FA7F6B110C56}.Release|Any CPU.ActiveCfg = Release|Any CPU
		{C6268A0B-1EE9-415F-9411-FA7F6B110C56}.Release|Any CPU.Build.0 = Release|Any CPU
	EndGlobalSection
	GlobalSection(SolutionProperties) = preSolution
		HideSolutionNode = FALSE
	EndGlobalSection
	GlobalSection(ExtensibilityGlobals) = postSolution
		SolutionGuid = {4168B6DB-932E-4CC5-984D-15F5921C01BF}
	EndGlobalSection
EndGlobal
